
Microsoft Visual Studio Solution File, Format Version 12.00
# Visual Studio Version 16
VisualStudioVersion = 16.0.810.21
MinimumVisualStudioVersion = 10.0.40219.1
Project("{FAE04EC0-301F-11D3-BF4B-00C04F79EFBC}") = "BlogLibrary", "BlogLibrary\BlogLibrary.csproj", "{68E6E4B1-8688-41A7-95DA-59CFDDBF33ED}"
EndProject
Project("{FAE04EC0-301F-11D3-BF4B-00C04F79EFBC}") = "BlogUI", "BlogUI\BlogUI.csproj", "{CB920F18-3C66-43CA-A15A-A2648A8B9C3C}"
EndProject
Global
	GlobalSection(SolutionConfigurationPlatforms) = preSolution
		Debug|Any CPU = Debug|Any CPU
		Release|Any CPU = Release|Any CPU
	EndGlobalSection
	GlobalSection(ProjectConfigurationPlatforms) = postSolution
		{68E6E4B1-8688-41A7-95DA-59CFDDBF33ED}.Debug|Any CPU.ActiveCfg = Debug|Any CPU
		{68E6E4B1-8688-41A7-95DA-59CFDDBF33ED}.Debug|Any CPU.Build.0 = Debug|Any CPU
		{68E6E4B1-8688-41A7-95DA-59CFDDBF33ED}.Release|Any CPU.ActiveCfg = Release|Any CPU
		{68E6E4B1-8688-41A7-95DA-59CFDDBF33ED}.Release|Any CPU.Build.0 = Release|Any CPU
		{CB920F18-3C66-43CA-A15A-A2648A8B9C3C}.Debug|Any CPU.ActiveCfg = Debug|Any CPU
		{CB920F18-3C66-43CA-A15A-A2648A8B9C3C}.Debug|Any CPU.Build.0 = Debug|Any CPU
		{CB920F18-3C66-43CA-A15A-A2648A8B9C3C}.Release|Any CPU.ActiveCfg = Release|Any CPU
		{CB920F18-3C66-43CA-A15A-A2648A8B9C3C}.Release|Any CPU.Build.0 = Release|Any CPU
	EndGlobalSection
	GlobalSection(SolutionProperties) = preSolution
		HideSolutionNode = FALSE
	EndGlobalSection
	GlobalSection(ExtensibilityGlobals) = postSolution
		SolutionGuid = {02E9067D-471B-410A-8B87-B97A30B59FFA}
	EndGlobalSection
EndGlobal
